// !$*UTF8*$!
{
	archiveVersion = 1;
	classes = {
	};
	objectVersion = 50;
	objects = {

/* Begin PBXBuildFile section */
		9A434D1324C5D5F900A52C03 /* AppDelegate.swift in Sources */ = {isa = PBXBuildFile; fileRef = 9A434D1224C5D5F900A52C03 /* AppDelegate.swift */; };
		9A434D1524C5D5F900A52C03 /* SceneDelegate.swift in Sources */ = {isa = PBXBuildFile; fileRef = 9A434D1424C5D5F900A52C03 /* SceneDelegate.swift */; };
		9A434D1724C5D5F900A52C03 /* ViewController.swift in Sources */ = {isa = PBXBuildFile; fileRef = 9A434D1624C5D5F900A52C03 /* ViewController.swift */; };
		9A434D1A24C5D5F900A52C03 /* Main.storyboard in Resources */ = {isa = PBXBuildFile; fileRef = 9A434D1824C5D5F900A52C03 /* Main.storyboard */; };
		9A434D1C24C5D5FC00A52C03 /* Assets.xcassets in Resources */ = {isa = PBXBuildFile; fileRef = 9A434D1B24C5D5FC00A52C03 /* Assets.xcassets */; };
		9A434D1F24C5D5FC00A52C03 /* LaunchScreen.storyboard in Resources */ = {isa = PBXBuildFile; fileRef = 9A434D1D24C5D5FC00A52C03 /* LaunchScreen.storyboard */; };
		9A434D2724C5D71400A52C03 /* DetailViewController.swift in Sources */ = {isa = PBXBuildFile; fileRef = 9A434D2624C5D71400A52C03 /* DetailViewController.swift */; };
/* End PBXBuildFile section */

/* Begin PBXFileReference section */
		9A434D0F24C5D5F900A52C03 /* PhotosAndCaptions.app */ = {isa = PBXFileReference; explicitFileType = wrapper.application; includeInIndex = 0; path = PhotosAndCaptions.app; sourceTree = BUILT_PRODUCTS_DIR; };
		9A434D1224C5D5F900A52C03 /* AppDelegate.swift */ = {isa = PBXFileReference; lastKnownFileType = sourcecode.swift; path = AppDelegate.swift; sourceTree = "<group>"; };
		9A434D1424C5D5F900A52C03 /* SceneDelegate.swift */ = {isa = PBXFileReference; lastKnownFileType = sourcecode.swift; path = SceneDelegate.swift; sourceTree = "<group>"; };
		9A434D1624C5D5F900A52C03 /* ViewController.swift */ = {isa = PBXFileReference; lastKnownFileType = sourcecode.swift; path = ViewController.swift; sourceTree = "<group>"; };
		9A434D1924C5D5F900A52C03 /* Base */ = {isa = PBXFileReference; lastKnownFileType = file.storyboard; name = Base; path = Base.lproj/Main.storyboard; sourceTree = "<group>"; };
		9A434D1B24C5D5FC00A52C03 /* Assets.xcassets */ = {isa = PBXFileReference; lastKnownFileType = folder.assetcatalog; path = Assets.xcassets; sourceTree = "<group>"; };
		9A434D1E24C5D5FC00A52C03 /* Base */ = {isa = PBXFileReference; lastKnownFileType = file.storyboard; name = Base; path = Base.lproj/LaunchScreen.storyboard; sourceTree = "<group>"; };
		9A434D2024C5D5FC00A52C03 /* Info.plist */ = {isa = PBXFileReference; lastKnownFileType = text.plist.xml; path = Info.plist; sourceTree = "<group>"; };
		9A434D2624C5D71400A52C03 /* DetailViewController.swift */ = {isa = PBXFileReference; lastKnownFileType = sourcecode.swift; path = DetailViewController.swift; sourceTree = "<group>"; };
/* End PBXFileReference section */

/* Begin PBXFrameworksBuildPhase section */
		9A434D0C24C5D5F900A52C03 /* Frameworks */ = {
			isa = PBXFrameworksBuildPhase;
			buildActionMask = 2147483647;
			files = (
			);
			runOnlyForDeploymentPostprocessing = 0;
		};
/* End PBXFrameworksBuildPhase section */

/* Begin PBXGroup section */
		9A434D0624C5D5F900A52C03 = {
			isa = PBXGroup;
			children = (
				9A434D1124C5D5F900A52C03 /* PhotosAndCaptions */,
				9A434D1024C5D5F900A52C03 /* Products */,
			);
			sourceTree = "<group>";
		};
		9A434D1024C5D5F900A52C03 /* Products */ = {
			isa = PBXGroup;
			children = (
				9A434D0F24C5D5F900A52C03 /* PhotosAndCaptions.app */,
			);
			name = Products;
			sourceTree = "<group>";
		};
		9A434D1124C5D5F900A52C03 /* PhotosAndCaptions */ = {
			isa = PBXGroup;
			children = (
				9A434D1224C5D5F900A52C03 /* AppDelegate.swift */,
				9A434D1424C5D5F900A52C03 /* SceneDelegate.swift */,
				9A434D1624C5D5F900A52C03 /* ViewController.swift */,
				9A434D2624C5D71400A52C03 /* DetailViewController.swift */,
				9A434D1824C5D5F900A52C03 /* Main.storyboard */,
				9A434D1B24C5D5FC00A52C03 /* Assets.xcassets */,
				9A434D1D24C5D5FC00A52C03 /* LaunchScreen.storyboard */,
				9A434D2024C5D5FC00A52C03 /* Info.plist */,
			);
			path = PhotosAndCaptions;
			sourceTree = "<group>";
		};
/* End PBXGroup section */

/* Begin PBXNativeTarget section */
		9A434D0E24C5D5F900A52C03 /* PhotosAndCaptions */ = {
			isa = PBXNativeTarget;
			buildConfigurationList = 9A434D2324C5D5FC00A52C03 /* Build configuration list for PBXNativeTarget "PhotosAndCaptions" */;
			buildPhases = (
				9A434D0B24C5D5F900A52C03 /* Sources */,
				9A434D0C24C5D5F900A52C03 /* Frameworks */,
				9A434D0D24C5D5F900A52C03 /* Resources */,
			);
			buildRules = (
			);
			dependencies = (
			);
			name = PhotosAndCaptions;
			productName = PhotosAndCaptions;
			productReference = 9A434D0F24C5D5F900A52C03 /* PhotosAndCaptions.app */;
			productType = "com.apple.product-type.application";
		};
/* End PBXNativeTarget section */

/* Begin PBXProject section */
		9A434D0724C5D5F900A52C03 /* Project object */ = {
			isa = PBXProject;
			attributes = {
				LastSwiftUpdateCheck = 1150;
				LastUpgradeCheck = 1150;
				ORGANIZATIONNAME = "Helder de Melo Sérvio Filho";
				TargetAttributes = {
					9A434D0E24C5D5F900A52C03 = {
						CreatedOnToolsVersion = 11.5;
					};
				};
			};
			buildConfigurationList = 9A434D0A24C5D5F900A52C03 /* Build configuration list for PBXProject "PhotosAndCaptions" */;
			compatibilityVersion = "Xcode 9.3";
			developmentRegion = en;
			hasScannedForEncodings = 0;
			knownRegions = (
				en,
				Base,
			);
			mainGroup = 9A434D0624C5D5F900A52C03;
			productRefGroup = 9A434D1024C5D5F900A52C03 /* Products */;
			projectDirPath = "";
			projectRoot = "";
			targets = (
				9A434D0E24C5D5F900A52C03 /* PhotosAndCaptions */,
			);
		};
/* End PBXProject section */

/* Begin PBXResourcesBuildPhase section */
		9A434D0D24C5D5F900A52C03 /* Resources */ = {
			isa = PBXResourcesBuildPhase;
			buildActionMask = 2147483647;
			files = (
				9A434D1F24C5D5FC00A52C03 /* LaunchScreen.storyboard in Resources */,
				9A434D1C24C5D5FC00A52C03 /* Assets.xcassets in Resources */,
				9A434D1A24C5D5F900A52C03 /* Main.storyboard in Resources */,
			);
			runOnlyForDeploymentPostprocessing = 0;
		};
/* End PBXResourcesBuildPhase section */

/* Begin PBXSourcesBuildPhase section */
		9A434D0B24C5D5F900A52C03 /* Sources */ = {
			isa = PBXSourcesBuildPhase;
			buildActionMask = 2147483647;
			files = (
				9A434D1724C5D5F900A52C03 /* ViewController.swift in Sources */,
				9A434D1324C5D5F900A52C03 /* AppDelegate.swift in Sources */,
				9A434D1524C5D5F900A52C03 /* SceneDelegate.swift in Sources */,
				9A434D2724C5D71400A52C03 /* DetailViewController.swift in Sources */,
			);
			runOnlyForDeploymentPostprocessing = 0;
		};
/* End PBXSourcesBuildPhase section */

/* Begin PBXVariantGroup section */
		9A434D1824C5D5F900A52C03 /* Main.storyboard */ = {
			isa = PBXVariantGroup;
			children = (
				9A434D1924C5D5F900A52C03 /* Base */,
			);
			name = Main.storyboard;
			sourceTree = "<group>";
		};
		9A434D1D24C5D5FC00A52C03 /* LaunchScreen.storyboard */ = {
			isa = PBXVariantGroup;
			children = (
				9A434D1E24C5D5FC00A52C03 /* Base */,
			);
			name = LaunchScreen.storyboard;
			sourceTree = "<group>";
		};
/* End PBXVariantGroup section */

/* Begin XCBuildConfiguration section */
		9A434D2124C5D5FC00A52C03 /* Debug */ = {
			isa = XCBuildConfiguration;
			buildSettings = {
				ALWAYS_SEARCH_USER_PATHS = NO;
				CLANG_ANALYZER_NONNULL = YES;
				CLANG_ANALYZER_NUMBER_OBJECT_CONVERSION = YES_AGGRESSIVE;
				CLANG_CXX_LANGUAGE_STANDARD = "gnu++14";
				CLANG_CXX_LIBRARY = "libc++";
				CLANG_ENABLE_MODULES = YES;
				CLANG_ENABLE_OBJC_ARC = YES;
				CLANG_ENABLE_OBJC_WEAK = YES;
				CLANG_WARN_BLOCK_CAPTURE_AUTORELEASING = YES;
				CLANG_WARN_BOOL_CONVERSION = YES;
				CLANG_WARN_COMMA = YES;
				CLANG_WARN_CONSTANT_CONVERSION = YES;
				CLANG_WARN_DEPRECATED_OBJC_IMPLEMENTATIONS = YES;
				CLANG_WARN_DIRECT_OBJC_ISA_USAGE = YES_ERROR;
				CLANG_WARN_DOCUMENTATION_COMMENTS = YES;
				CLANG_WARN_EMPTY_BODY = YES;
				CLANG_WARN_ENUM_CONVERSION = YES;
				CLANG_WARN_INFINITE_RECURSION = YES;
				CLANG_WARN_INT_CONVERSION = YES;
				CLANG_WARN_NON_LITERAL_NULL_CONVERSION = YES;
				CLANG_WARN_OBJC_IMPLICIT_RETAIN_SELF = YES;
				CLANG_WARN_OBJC_LITERAL_CONVERSION = YES;
				CLANG_WARN_OBJC_ROOT_CLASS = YES_ERROR;
				CLANG_WARN_RANGE_LOOP_ANALYSIS = YES;
				CLANG_WARN_STRICT_PROTOTYPES = YES;
				CLANG_WARN_SUSPICIOUS_MOVE = YES;
				CLANG_WARN_UNGUARDED_AVAILABILITY = YES_AGGRESSIVE;
				CLANG_WARN_UNREACHABLE_CODE = YES;
				CLANG_WARN__DUPLICATE_METHOD_MATCH = YES;
				COPY_PHASE_STRIP = NO;
				DEBUG_INFORMATION_FORMAT = dwarf;
				ENABLE_STRICT_OBJC_MSGSEND = YES;
				ENABLE_TESTABILITY = YES;
				GCC_C_LANGUAGE_STANDARD = gnu11;
				GCC_DYNAMIC_NO_PIC = NO;
				GCC_NO_COMMON_BLOCKS = YES;
				GCC_OPTIMIZATION_LEVEL = 0;
				GCC_PREPROCESSOR_DEFINITIONS = (
					"DEBUG=1",
					"$(inherited)",
				);
				GCC_WARN_64_TO_32_BIT_CONVERSION = YES;
				GCC_WARN_ABOUT_RETURN_TYPE = YES_ERROR;
				GCC_WARN_UNDECLARED_SELECTOR = YES;
				GCC_WARN_UNINITIALIZED_AUTOS = YES_AGGRESSIVE;
				GCC_WARN_UNUSED_FUNCTION = YES;
				GCC_WARN_UNUSED_VARIABLE = YES;
				IPHONEOS_DEPLOYMENT_TARGET = 13.5;
				MTL_ENABLE_DEBUG_INFO = INCLUDE_SOURCE;
				MTL_FAST_MATH = YES;
				ONLY_ACTIVE_ARCH = YES;
				SDKROOT = iphoneos;
				SWIFT_ACTIVE_COMPILATION_CONDITIONS = DEBUG;
				SWIFT_OPTIMIZATION_LEVEL = "-Onone";
			};
			name = Debug;
		};
		9A434D2224C5D5FC00A52C03 /* Release */ = {
			isa = XCBuildConfiguration;
			buildSettings = {
				ALWAYS_SEARCH_USER_PATHS = NO;
				CLANG_ANALYZER_NONNULL = YES;
				CLANG_ANALYZER_NUMBER_OBJECT_CONVERSION = YES_AGGRESSIVE;
				CLANG_CXX_LANGUAGE_STANDARD = "gnu++14";
				CLANG_CXX_LIBRARY = "libc++";
				CLANG_ENABLE_MODULES = YES;
				CLANG_ENABLE_OBJC_ARC = YES;
				CLANG_ENABLE_OBJC_WEAK = YES;
				CLANG_WARN_BLOCK_CAPTURE_AUTORELEASING = YES;
				CLANG_WARN_BOOL_CONVERSION = YES;
				CLANG_WARN_COMMA = YES;
				CLANG_WARN_CONSTANT_CONVERSION = YES;
				CLANG_WARN_DEPRECATED_OBJC_IMPLEMENTATIONS = YES;
				CLANG_WARN_DIRECT_OBJC_ISA_USAGE = YES_ERROR;
				CLANG_WARN_DOCUMENTATION_COMMENTS = YES;
				CLANG_WARN_EMPTY_BODY = YES;
				CLANG_WARN_ENUM_CONVERSION = YES;
				CLANG_WARN_INFINITE_RECURSION = YES;
				CLANG_WARN_INT_CONVERSION = YES;
				CLANG_WARN_NON_LITERAL_NULL_CONVERSION = YES;
				CLANG_WARN_OBJC_IMPLICIT_RETAIN_SELF = YES;
				CLANG_WARN_OBJC_LITERAL_CONVERSION = YES;
				CLANG_WARN_OBJC_ROOT_CLASS = YES_ERROR;
				CLANG_WARN_RANGE_LOOP_ANALYSIS = YES;
				CLANG_WARN_STRICT_PROTOTYPES = YES;
				CLANG_WARN_SUSPICIOUS_MOVE = YES;
				CLANG_WARN_UNGUARDED_AVAILABILITY = YES_AGGRESSIVE;
				CLANG_WARN_UNREACHABLE_CODE = YES;
				CLANG_WARN__DUPLICATE_METHOD_MATCH = YES;
				COPY_PHASE_STRIP = NO;
				DEBUG_INFORMATION_FORMAT = "dwarf-with-dsym";
				ENABLE_NS_ASSERTIONS = NO;
				ENABLE_STRICT_OBJC_MSGSEND = YES;
				GCC_C_LANGUAGE_STANDARD = gnu11;
				GCC_NO_COMMON_BLOCKS = YES;
				GCC_WARN_64_TO_32_BIT_CONVERSION = YES;
				GCC_WARN_ABOUT_RETURN_TYPE = YES_ERROR;
				GCC_WARN_UNDECLARED_SELECTOR = YES;
				GCC_WARN_UNINITIALIZED_AUTOS = YES_AGGRESSIVE;
				GCC_WARN_UNUSED_FUNCTION = YES;
				GCC_WARN_UNUSED_VARIABLE = YES;
				IPHONEOS_DEPLOYMENT_TARGET = 13.5;
				MTL_ENABLE_DEBUG_INFO = NO;
				MTL_FAST_MATH = YES;
				SDKROOT = iphoneos;
				SWIFT_COMPILATION_MODE = wholemodule;
				SWIFT_OPTIMIZATION_LEVEL = "-O";
				VALIDATE_PRODUCT = YES;
			};
			name = Release;
		};
		9A434D2424C5D5FC00A52C03 /* Debug */ = {
			isa = XCBuildConfiguration;
			buildSettings = {
				ASSETCATALOG_COMPILER_APPICON_NAME = AppIcon;
				CODE_SIGN_STYLE = Automatic;
				DEVELOPMENT_TEAM = 37DV285NTM;
				INFOPLIST_FILE = PhotosAndCaptions/Info.plist;
				LD_RUNPATH_SEARCH_PATHS = (
					"$(inherited)",
					"@executable_path/Frameworks",
				);
				PRODUCT_BUNDLE_IDENTIFIER = starlessn1ght.PhotosAndCaptions;
				PRODUCT_NAME = "$(TARGET_NAME)";
				SWIFT_VERSION = 5.0;
				TARGETED_DEVICE_FAMILY = "1,2";
			};
			name = Debug;
		};
		9A434D2524C5D5FC00A52C03 /* Release */ = {
			isa = XCBuildConfiguration;
			buildSettings = {
				ASSETCATALOG_COMPILER_APPICON_NAME = AppIcon;
				CODE_SIGN_STYLE = Automatic;
				DEVELOPMENT_TEAM = 37DV285NTM;
				INFOPLIST_FILE = PhotosAndCaptions/Info.plist;
				LD_RUNPATH_SEARCH_PATHS = (
					"$(inherited)",
					"@executable_path/Frameworks",
				);
				PRODUCT_BUNDLE_IDENTIFIER = starlessn1ght.PhotosAndCaptions;
				PRODUCT_NAME = "$(TARGET_NAME)";
				SWIFT_VERSION = 5.0;
				TARGETED_DEVICE_FAMILY = "1,2";
			};
			name = Release;
		};
/* End XCBuildConfiguration section */

/* Begin XCConfigurationList section */
		9A434D0A24C5D5F900A52C03 /* Build configuration list for PBXProject "PhotosAndCaptions" */ = {
			isa = XCConfigurationList;
			buildConfigurations = (
				9A434D2124C5D5FC00A52C03 /* Debug */,
				9A434D2224C5D5FC00A52C03 /* Release */,
			);
			defaultConfigurationIsVisible = 0;
			defaultConfigurationName = Release;
		};
		9A434D2324C5D5FC00A52C03 /* Build configuration list for PBXNativeTarget "PhotosAndCaptions" */ = {
			isa = XCConfigurationList;
			buildConfigurations = (
				9A434D2424C5D5FC00A52C03 /* Debug */,
				9A434D2524C5D5FC00A52C03 /* Release */,
			);
			defaultConfigurationIsVisible = 0;
			defaultConfigurationName = Release;
		};
/* End XCConfigurationList section */
	};
	rootObject = 9A434D0724C5D5F900A52C03 /* Project object */;
}
